# This file is automatically @generated by Cargo.
# It is not intended for manual editing.
version = 3

[[package]]
name = "bnum"
version = "0.12.0"
source = "registry+https://github.com/rust-lang/crates.io-index"
checksum = "50202def95bf36cb7d1d7a7962cea1c36a3f8ad42425e5d2b71d7acb8041b5b8"

[[package]]
name = "fixed_wide"
version = "0.1.0"
dependencies = [
 "bnum",
 "paste",
]

[[package]]
name = "foolbox"
version = "0.1.0"
dependencies = [
 "fixed_wide",
]

[[package]]
name = "paste"
version = "1.0.15"
source = "registry+https://github.com/rust-lang/crates.io-index"
checksum = "57c0d7b74b563b49d38dae00a0c37d4d6de9b432382b2892f0574ddcae73fd0a"
